{
  "name": "osu-db-manager",
  "version": "1.0.0",
  "lockfileVersion": 3,
  "requires": true,
  "packages": {
    "": {
      "name": "osu-db-manager",
      "version": "1.0.0",
      "license": "Apache-2.0",
      "dependencies": {
        "ticks-to-date": "^1.0.6"
      }
    },
    "node_modules/ticks-to-date": {
      "version": "1.0.6",
      "resolved": "https://registry.npmjs.org/ticks-to-date/-/ticks-to-date-1.0.6.tgz",
      "integrity": "sha512-PjewIemg+ey3d0VCIHtfsNyTfSOLlE6xR4Ltz4QfrU2ItX9iV8Ht22Z6efJWIZYop9MIXNmEvjSJ5TJqEFTt6A==",
      "funding": [
        {
          "type": "buy_me_a_coffee",
          "url": "https://buymeacoffee.com/vyushin"
        },
        {
          "type": "Patreon",
          "url": "https://www.patreon.com/vyushin"
        }
      ],
      "license": "MIT"
    }
  }
}
